
Microsoft Visual Studio Solution File, Format Version 12.00
# Visual Studio Version 17
VisualStudioVersion = 17.0.32112.339
MinimumVisualStudioVersion = 10.0.40219.1
Project("{9A19103F-16F7-4668-BE54-9A1E7A4F7556}") = "StringUtils", "StringUtils\StringUtils.csproj", "{5C666489-F14B-4150-B874-A4B4893EE85B}"
EndProject
Project("{FAE04EC0-301F-11D3-BF4B-00C04F79EFBC}") = "TaskUtils", "TaskUtils\TaskUtils.csproj", "{9514C1BA-8D5C-4C7B-8B08-B21B8738FD67}"
EndProject
Project("{2150E333-8FDC-42A3-9474-1A3956D46DE8}") = "Tests", "Tests", "{855B3C75-09C8-4FF6-A6C7-146FE269F81C}"
EndProject
Project("{FAE04EC0-301F-11D3-BF4B-00C04F79EFBC}") = "StringUtils.Tests", "StringUtils.Tests\StringUtils.Tests.csproj", "{C1F2E83F-5BF5-40D6-939E-20457BE31C50}"
EndProject
Global
	GlobalSection(SolutionConfigurationPlatforms) = preSolution
		Debug|Any CPU = Debug|Any CPU
		Release|Any CPU = Release|Any CPU
	EndGlobalSection
	GlobalSection(ProjectConfigurationPlatforms) = postSolution
		{5C666489-F14B-4150-B874-A4B4893EE85B}.Debug|Any CPU.ActiveCfg = Debug|Any CPU
		{5C666489-F14B-4150-B874-A4B4893EE85B}.Debug|Any CPU.Build.0 = Debug|Any CPU
		{5C666489-F14B-4150-B874-A4B4893EE85B}.Release|Any CPU.ActiveCfg = Release|Any CPU
		{5C666489-F14B-4150-B874-A4B4893EE85B}.Release|Any CPU.Build.0 = Release|Any CPU
		{9514C1BA-8D5C-4C7B-8B08-B21B8738FD67}.Debug|Any CPU.ActiveCfg = Debug|Any CPU
		{9514C1BA-8D5C-4C7B-8B08-B21B8738FD67}.Debug|Any CPU.Build.0 = Debug|Any CPU
		{9514C1BA-8D5C-4C7B-8B08-B21B8738FD67}.Release|Any CPU.ActiveCfg = Release|Any CPU
		{9514C1BA-8D5C-4C7B-8B08-B21B8738FD67}.Release|Any CPU.Build.0 = Release|Any CPU
		{C1F2E83F-5BF5-40D6-939E-20457BE31C50}.Debug|Any CPU.ActiveCfg = Debug|Any CPU
		{C1F2E83F-5BF5-40D6-939E-20457BE31C50}.Debug|Any CPU.Build.0 = Debug|Any CPU
		{C1F2E83F-5BF5-40D6-939E-20457BE31C50}.Release|Any CPU.ActiveCfg = Release|Any CPU
		{C1F2E83F-5BF5-40D6-939E-20457BE31C50}.Release|Any CPU.Build.0 = Release|Any CPU
	EndGlobalSection
	GlobalSection(SolutionProperties) = preSolution
		HideSolutionNode = FALSE
	EndGlobalSection
	GlobalSection(NestedProjects) = preSolution
		{C1F2E83F-5BF5-40D6-939E-20457BE31C50} = {855B3C75-09C8-4FF6-A6C7-146FE269F81C}
	EndGlobalSection
	GlobalSection(ExtensibilityGlobals) = postSolution
		SolutionGuid = {C7935827-6D19-4456-8CE3-8BA07065CC63}
	EndGlobalSection
EndGlobal
